
Microsoft Visual Studio Solution File, Format Version 12.00
Project("{FAE04EC0-301F-11D3-BF4B-00C04F79EFBC}") = "Factory Method", "Factory Method\Factory Method.csproj", "{638C7244-751C-4FB4-A4C9-BCF80F7DED65}"
EndProject
Project("{FAE04EC0-301F-11D3-BF4B-00C04F79EFBC}") = "Abstract Factory", "Abstract Factory\Abstract Factory.csproj", "{C2E3AAEA-A0BE-46F7-8C38-D095D286578C}"
EndProject
Project("{FAE04EC0-301F-11D3-BF4B-00C04F79EFBC}") = "Builder", "Builder\Builder.csproj", "{5B6A4550-A0A8-4269-993A-1DF30630D670}"
EndProject
Project("{FAE04EC0-301F-11D3-BF4B-00C04F79EFBC}") = "Prototype", "Prototype\Prototype.csproj", "{6CD97D3B-38AC-40D3-98CE-A5EC1C1B4AB0}"
EndProject
Project("{FAE04EC0-301F-11D3-BF4B-00C04F79EFBC}") = "Singleton", "Singleton\Singleton.csproj", "{5D21D5EA-6D86-44C6-8F52-7572E1A379E8}"
EndProject
Project("{FAE04EC0-301F-11D3-BF4B-00C04F79EFBC}") = "Adapter", "Adapter\Adapter.csproj", "{0515F96A-815B-4318-824A-6CA72CA3340C}"
EndProject
Global
	GlobalSection(SolutionConfigurationPlatforms) = preSolution
		Debug|Any CPU = Debug|Any CPU
		Release|Any CPU = Release|Any CPU
	EndGlobalSection
	GlobalSection(ProjectConfigurationPlatforms) = postSolution
		{638C7244-751C-4FB4-A4C9-BCF80F7DED65}.Debug|Any CPU.ActiveCfg = Debug|Any CPU
		{638C7244-751C-4FB4-A4C9-BCF80F7DED65}.Debug|Any CPU.Build.0 = Debug|Any CPU
		{638C7244-751C-4FB4-A4C9-BCF80F7DED65}.Release|Any CPU.ActiveCfg = Release|Any CPU
		{638C7244-751C-4FB4-A4C9-BCF80F7DED65}.Release|Any CPU.Build.0 = Release|Any CPU
		{C2E3AAEA-A0BE-46F7-8C38-D095D286578C}.Debug|Any CPU.ActiveCfg = Debug|Any CPU
		{C2E3AAEA-A0BE-46F7-8C38-D095D286578C}.Debug|Any CPU.Build.0 = Debug|Any CPU
		{C2E3AAEA-A0BE-46F7-8C38-D095D286578C}.Release|Any CPU.ActiveCfg = Release|Any CPU
		{C2E3AAEA-A0BE-46F7-8C38-D095D286578C}.Release|Any CPU.Build.0 = Release|Any CPU
		{5B6A4550-A0A8-4269-993A-1DF30630D670}.Debug|Any CPU.ActiveCfg = Debug|Any CPU
		{5B6A4550-A0A8-4269-993A-1DF30630D670}.Debug|Any CPU.Build.0 = Debug|Any CPU
		{5B6A4550-A0A8-4269-993A-1DF30630D670}.Release|Any CPU.ActiveCfg = Release|Any CPU
		{5B6A4550-A0A8-4269-993A-1DF30630D670}.Release|Any CPU.Build.0 = Release|Any CPU
		{6CD97D3B-38AC-40D3-98CE-A5EC1C1B4AB0}.Debug|Any CPU.ActiveCfg = Debug|Any CPU
		{6CD97D3B-38AC-40D3-98CE-A5EC1C1B4AB0}.Debug|Any CPU.Build.0 = Debug|Any CPU
		{6CD97D3B-38AC-40D3-98CE-A5EC1C1B4AB0}.Release|Any CPU.ActiveCfg = Release|Any CPU
		{6CD97D3B-38AC-40D3-98CE-A5EC1C1B4AB0}.Release|Any CPU.Build.0 = Release|Any CPU
		{5D21D5EA-6D86-44C6-8F52-7572E1A379E8}.Debug|Any CPU.ActiveCfg = Debug|Any CPU
		{5D21D5EA-6D86-44C6-8F52-7572E1A379E8}.Debug|Any CPU.Build.0 = Debug|Any CPU
		{5D21D5EA-6D86-44C6-8F52-7572E1A379E8}.Release|Any CPU.ActiveCfg = Release|Any CPU
		{5D21D5EA-6D86-44C6-8F52-7572E1A379E8}.Release|Any CPU.Build.0 = Release|Any CPU
		{0515F96A-815B-4318-824A-6CA72CA3340C}.Debug|Any CPU.ActiveCfg = Debug|Any CPU
		{0515F96A-815B-4318-824A-6CA72CA3340C}.Debug|Any CPU.Build.0 = Debug|Any CPU
		{0515F96A-815B-4318-824A-6CA72CA3340C}.Release|Any CPU.ActiveCfg = Release|Any CPU
		{0515F96A-815B-4318-824A-6CA72CA3340C}.Release|Any CPU.Build.0 = Release|Any CPU
	EndGlobalSection
EndGlobal
